// !$*UTF8*$!
{
	archiveVersion = 1;
	classes = {
	};
	objectVersion = 51;
	objects = {

/* Begin PBXBuildFile section */
		4672365F1471DC7ECF2BA3E8 /* Pods_Flix_FlixUITests.framework in Frameworks */ = {isa = PBXBuildFile; fileRef = BB92151026F96D8D3E89CFEB /* Pods_Flix_FlixUITests.framework */; };
		5651751A3CDA0B4611ABE6E9 /* Pods_FlixTests.framework in Frameworks */ = {isa = PBXBuildFile; fileRef = A939C49E545962C819D3ADC4 /* Pods_FlixTests.framework */; };
		6F2D8FA5113ADFB945647F7B /* Pods_Flix.framework in Frameworks */ = {isa = PBXBuildFile; fileRef = DCA27DF77381E4A4D88B350A /* Pods_Flix.framework */; };
		B21243F025CE10AD00A074D6 /* MovieGridViewController.swift in Sources */ = {isa = PBXBuildFile; fileRef = B21243EF25CE10AD00A074D6 /* MovieGridViewController.swift */; };
		B21243FD25CE354200A074D6 /* MovieGridCell.swift in Sources */ = {isa = PBXBuildFile; fileRef = B21243FC25CE354200A074D6 /* MovieGridCell.swift */; };
		B224527A25C10CC700424719 /* AppDelegate.swift in Sources */ = {isa = PBXBuildFile; fileRef = B224527925C10CC700424719 /* AppDelegate.swift */; };
		B224527C25C10CC700424719 /* SceneDelegate.swift in Sources */ = {isa = PBXBuildFile; fileRef = B224527B25C10CC700424719 /* SceneDelegate.swift */; };
		B224528125C10CC700424719 /* Main.storyboard in Resources */ = {isa = PBXBuildFile; fileRef = B224527F25C10CC700424719 /* Main.storyboard */; };
		B224528325C10CC800424719 /* Assets.xcassets in Resources */ = {isa = PBXBuildFile; fileRef = B224528225C10CC800424719 /* Assets.xcassets */; };
		B224528625C10CC800424719 /* LaunchScreen.storyboard in Resources */ = {isa = PBXBuildFile; fileRef = B224528425C10CC800424719 /* LaunchScreen.storyboard */; };
		B224529125C10CC800424719 /* FlixTests.swift in Sources */ = {isa = PBXBuildFile; fileRef = B224529025C10CC800424719 /* FlixTests.swift */; };
		B224529C25C10CC800424719 /* FlixUITests.swift in Sources */ = {isa = PBXBuildFile; fileRef = B224529B25C10CC800424719 /* FlixUITests.swift */; };
		B28A4B8E25C78543008584B4 /* MoviesViewController.swift in Sources */ = {isa = PBXBuildFile; fileRef = B28A4B8D25C78543008584B4 /* MoviesViewController.swift */; };
		B28A4B9325C78EAE008584B4 /* MovieCell.swift in Sources */ = {isa = PBXBuildFile; fileRef = B28A4B9225C78EAE008584B4 /* MovieCell.swift */; };
		B2E99C2925CA44C1006BD8DB /* MoviesDetailsViewController.swift in Sources */ = {isa = PBXBuildFile; fileRef = B2E99C2825CA44C1006BD8DB /* MoviesDetailsViewController.swift */; };
/* End PBXBuildFile section */

/* Begin PBXContainerItemProxy section */
		B224528D25C10CC800424719 /* PBXContainerItemProxy */ = {
			isa = PBXContainerItemProxy;
			containerPortal = B224526E25C10CC700424719 /* Project object */;
			proxyType = 1;
			remoteGlobalIDString = B224527525C10CC700424719;
			remoteInfo = Flix;
		};
		B224529825C10CC800424719 /* PBXContainerItemProxy */ = {
			isa = PBXContainerItemProxy;
			containerPortal = B224526E25C10CC700424719 /* Project object */;
			proxyType = 1;
			remoteGlobalIDString = B224527525C10CC700424719;
			remoteInfo = Flix;
		};
/* End PBXContainerItemProxy section */

/* Begin PBXFileReference section */
		29EED8A222FF42399AFB64C0 /* Pods-Flix.release.xcconfig */ = {isa = PBXFileReference; includeInIndex = 1; lastKnownFileType = text.xcconfig; name = "Pods-Flix.release.xcconfig"; path = "Target Support Files/Pods-Flix/Pods-Flix.release.xcconfig"; sourceTree = "<group>"; };
		2C4571D6F3DA915F17F766BF /* Pods-Flix-FlixUITests.debug.xcconfig */ = {isa = PBXFileReference; includeInIndex = 1; lastKnownFileType = text.xcconfig; name = "Pods-Flix-FlixUITests.debug.xcconfig"; path = "Target Support Files/Pods-Flix-FlixUITests/Pods-Flix-FlixUITests.debug.xcconfig"; sourceTree = "<group>"; };
		A939C49E545962C819D3ADC4 /* Pods_FlixTests.framework */ = {isa = PBXFileReference; explicitFileType = wrapper.framework; includeInIndex = 0; path = Pods_FlixTests.framework; sourceTree = BUILT_PRODUCTS_DIR; };
		AB910BE67C7B0C92AEFA4422 /* Pods-Flix.debug.xcconfig */ = {isa = PBXFileReference; includeInIndex = 1; lastKnownFileType = text.xcconfig; name = "Pods-Flix.debug.xcconfig"; path = "Target Support Files/Pods-Flix/Pods-Flix.debug.xcconfig"; sourceTree = "<group>"; };
		AE1D0B23F71E5630E462A647 /* Pods-FlixTests.release.xcconfig */ = {isa = PBXFileReference; includeInIndex = 1; lastKnownFileType = text.xcconfig; name = "Pods-FlixTests.release.xcconfig"; path = "Target Support Files/Pods-FlixTests/Pods-FlixTests.release.xcconfig"; sourceTree = "<group>"; };
		B21243EF25CE10AD00A074D6 /* MovieGridViewController.swift */ = {isa = PBXFileReference; lastKnownFileType = sourcecode.swift; path = MovieGridViewController.swift; sourceTree = "<group>"; };
		B21243FC25CE354200A074D6 /* MovieGridCell.swift */ = {isa = PBXFileReference; lastKnownFileType = sourcecode.swift; path = MovieGridCell.swift; sourceTree = "<group>"; };
		B224527625C10CC700424719 /* Flix.app */ = {isa = PBXFileReference; explicitFileType = wrapper.application; includeInIndex = 0; path = Flix.app; sourceTree = BUILT_PRODUCTS_DIR; };
		B224527925C10CC700424719 /* AppDelegate.swift */ = {isa = PBXFileReference; lastKnownFileType = sourcecode.swift; path = AppDelegate.swift; sourceTree = "<group>"; };
		B224527B25C10CC700424719 /* SceneDelegate.swift */ = {isa = PBXFileReference; lastKnownFileType = sourcecode.swift; path = SceneDelegate.swift; sourceTree = "<group>"; };
		B224528025C10CC700424719 /* Base */ = {isa = PBXFileReference; lastKnownFileType = file.storyboard; name = Base; path = Base.lproj/Main.storyboard; sourceTree = "<group>"; };
		B224528225C10CC800424719 /* Assets.xcassets */ = {isa = PBXFileReference; lastKnownFileType = folder.assetcatalog; path = Assets.xcassets; sourceTree = "<group>"; };
		B224528525C10CC800424719 /* Base */ = {isa = PBXFileReference; lastKnownFileType = file.storyboard; name = Base; path = Base.lproj/LaunchScreen.storyboard; sourceTree = "<group>"; };
		B224528725C10CC800424719 /* Info.plist */ = {isa = PBXFileReference; lastKnownFileType = text.plist.xml; path = Info.plist; sourceTree = "<group>"; };
		B224528C25C10CC800424719 /* FlixTests.xctest */ = {isa = PBXFileReference; explicitFileType = wrapper.cfbundle; includeInIndex = 0; path = FlixTests.xctest; sourceTree = BUILT_PRODUCTS_DIR; };
		B224529025C10CC800424719 /* FlixTests.swift */ = {isa = PBXFileReference; lastKnownFileType = sourcecode.swift; path = FlixTests.swift; sourceTree = "<group>"; };
		B224529225C10CC800424719 /* Info.plist */ = {isa = PBXFileReference; lastKnownFileType = text.plist.xml; path = Info.plist; sourceTree = "<group>"; };
		B224529725C10CC800424719 /* FlixUITests.xctest */ = {isa = PBXFileReference; explicitFileType = wrapper.cfbundle; includeInIndex = 0; path = FlixUITests.xctest; sourceTree = BUILT_PRODUCTS_DIR; };
		B224529B25C10CC800424719 /* FlixUITests.swift */ = {isa = PBXFileReference; lastKnownFileType = sourcecode.swift; path = FlixUITests.swift; sourceTree = "<group>"; };
		B224529D25C10CC800424719 /* Info.plist */ = {isa = PBXFileReference; lastKnownFileType = text.plist.xml; path = Info.plist; sourceTree = "<group>"; };
		B28A4B8D25C78543008584B4 /* MoviesViewController.swift */ = {isa = PBXFileReference; lastKnownFileType = sourcecode.swift; path = MoviesViewController.swift; sourceTree = "<group>"; };
		B28A4B9225C78EAE008584B4 /* MovieCell.swift */ = {isa = PBXFileReference; lastKnownFileType = sourcecode.swift; path = MovieCell.swift; sourceTree = "<group>"; };
		B2E99C2825CA44C1006BD8DB /* MoviesDetailsViewController.swift */ = {isa = PBXFileReference; lastKnownFileType = sourcecode.swift; path = MoviesDetailsViewController.swift; sourceTree = "<group>"; };
		BB92151026F96D8D3E89CFEB /* Pods_Flix_FlixUITests.framework */ = {isa = PBXFileReference; explicitFileType = wrapper.framework; includeInIndex = 0; path = Pods_Flix_FlixUITests.framework; sourceTree = BUILT_PRODUCTS_DIR; };
		D8F6D2B7E8E2339C40838175 /* Pods-FlixTests.debug.xcconfig */ = {isa = PBXFileReference; includeInIndex = 1; lastKnownFileType = text.xcconfig; name = "Pods-FlixTests.debug.xcconfig"; path = "Target Support Files/Pods-FlixTests/Pods-FlixTests.debug.xcconfig"; sourceTree = "<group>"; };
		D9A13E4D88E9A2A48A4CA481 /* Pods-Flix-FlixUITests.release.xcconfig */ = {isa = PBXFileReference; includeInIndex = 1; lastKnownFileType = text.xcconfig; name = "Pods-Flix-FlixUITests.release.xcconfig"; path = "Target Support Files/Pods-Flix-FlixUITests/Pods-Flix-FlixUITests.release.xcconfig"; sourceTree = "<group>"; };
		DCA27DF77381E4A4D88B350A /* Pods_Flix.framework */ = {isa = PBXFileReference; explicitFileType = wrapper.framework; includeInIndex = 0; path = Pods_Flix.framework; sourceTree = BUILT_PRODUCTS_DIR; };
/* End PBXFileReference section */

/* Begin PBXFrameworksBuildPhase section */
		B224527325C10CC700424719 /* Frameworks */ = {
			isa = PBXFrameworksBuildPhase;
			buildActionMask = 2147483647;
			files = (
				6F2D8FA5113ADFB945647F7B /* Pods_Flix.framework in Frameworks */,
			);
			runOnlyForDeploymentPostprocessing = 0;
		};
		B224528925C10CC800424719 /* Frameworks */ = {
			isa = PBXFrameworksBuildPhase;
			buildActionMask = 2147483647;
			files = (
				5651751A3CDA0B4611ABE6E9 /* Pods_FlixTests.framework in Frameworks */,
			);
			runOnlyForDeploymentPostprocessing = 0;
		};
		B224529425C10CC800424719 /* Frameworks */ = {
			isa = PBXFrameworksBuildPhase;
			buildActionMask = 2147483647;
			files = (
				4672365F1471DC7ECF2BA3E8 /* Pods_Flix_FlixUITests.framework in Frameworks */,
			);
			runOnlyForDeploymentPostprocessing = 0;
		};
/* End PBXFrameworksBuildPhase section */

/* Begin PBXGroup section */
		831C1E69F1968F4E4CC22CFD /* Frameworks */ = {
			isa = PBXGroup;
			children = (
				DCA27DF77381E4A4D88B350A /* Pods_Flix.framework */,
				BB92151026F96D8D3E89CFEB /* Pods_Flix_FlixUITests.framework */,
				A939C49E545962C819D3ADC4 /* Pods_FlixTests.framework */,
			);
			name = Frameworks;
			sourceTree = "<group>";
		};
		A3F3E63C0F0159FB77AB4887 /* Pods */ = {
			isa = PBXGroup;
			children = (
				AB910BE67C7B0C92AEFA4422 /* Pods-Flix.debug.xcconfig */,
				29EED8A222FF42399AFB64C0 /* Pods-Flix.release.xcconfig */,
				2C4571D6F3DA915F17F766BF /* Pods-Flix-FlixUITests.debug.xcconfig */,
				D9A13E4D88E9A2A48A4CA481 /* Pods-Flix-FlixUITests.release.xcconfig */,
				D8F6D2B7E8E2339C40838175 /* Pods-FlixTests.debug.xcconfig */,
				AE1D0B23F71E5630E462A647 /* Pods-FlixTests.release.xcconfig */,
			);
			path = Pods;
			sourceTree = "<group>";
		};
		B224526D25C10CC700424719 = {
			isa = PBXGroup;
			children = (
				B224527825C10CC700424719 /* Flix */,
				B224528F25C10CC800424719 /* FlixTests */,
				B224529A25C10CC800424719 /* FlixUITests */,
				B224527725C10CC700424719 /* Products */,
				A3F3E63C0F0159FB77AB4887 /* Pods */,
				831C1E69F1968F4E4CC22CFD /* Frameworks */,
			);
			sourceTree = "<group>";
		};
		B224527725C10CC700424719 /* Products */ = {
			isa = PBXGroup;
			children = (
				B224527625C10CC700424719 /* Flix.app */,
				B224528C25C10CC800424719 /* FlixTests.xctest */,
				B224529725C10CC800424719 /* FlixUITests.xctest */,
			);
			name = Products;
			sourceTree = "<group>";
		};
		B224527825C10CC700424719 /* Flix */ = {
			isa = PBXGroup;
			children = (
				B224527925C10CC700424719 /* AppDelegate.swift */,
				B224527B25C10CC700424719 /* SceneDelegate.swift */,
				B224527F25C10CC700424719 /* Main.storyboard */,
				B224528225C10CC800424719 /* Assets.xcassets */,
				B224528425C10CC800424719 /* LaunchScreen.storyboard */,
				B224528725C10CC800424719 /* Info.plist */,
				B28A4B8D25C78543008584B4 /* MoviesViewController.swift */,
				B28A4B9225C78EAE008584B4 /* MovieCell.swift */,
				B2E99C2825CA44C1006BD8DB /* MoviesDetailsViewController.swift */,
				B21243EF25CE10AD00A074D6 /* MovieGridViewController.swift */,
				B21243FC25CE354200A074D6 /* MovieGridCell.swift */,
			);
			path = Flix;
			sourceTree = "<group>";
		};
		B224528F25C10CC800424719 /* FlixTests */ = {
			isa = PBXGroup;
			children = (
				B224529025C10CC800424719 /* FlixTests.swift */,
				B224529225C10CC800424719 /* Info.plist */,
			);
			path = FlixTests;
			sourceTree = "<group>";
		};
		B224529A25C10CC800424719 /* FlixUITests */ = {
			isa = PBXGroup;
			children = (
				B224529B25C10CC800424719 /* FlixUITests.swift */,
				B224529D25C10CC800424719 /* Info.plist */,
			);
			path = FlixUITests;
			sourceTree = "<group>";
		};
/* End PBXGroup section */

/* Begin PBXNativeTarget section */
		B224527525C10CC700424719 /* Flix */ = {
			isa = PBXNativeTarget;
			buildConfigurationList = B22452A025C10CC800424719 /* Build configuration list for PBXNativeTarget "Flix" */;
			buildPhases = (
				731860238485E372EB819D2D /* [CP] Check Pods Manifest.lock */,
				B224527225C10CC700424719 /* Sources */,
				B224527325C10CC700424719 /* Frameworks */,
				B224527425C10CC700424719 /* Resources */,
				F403D6E17B075CE1812491AA /* [CP] Embed Pods Frameworks */,
			);
			buildRules = (
			);
			dependencies = (
			);
			name = Flix;
			productName = Flix;
			productReference = B224527625C10CC700424719 /* Flix.app */;
			productType = "com.apple.product-type.application";
		};
		B224528B25C10CC800424719 /* FlixTests */ = {
			isa = PBXNativeTarget;
			buildConfigurationList = B22452A325C10CC800424719 /* Build configuration list for PBXNativeTarget "FlixTests" */;
			buildPhases = (
				BA7F900B9E82A72ECA055168 /* [CP] Check Pods Manifest.lock */,
				B224528825C10CC800424719 /* Sources */,
				B224528925C10CC800424719 /* Frameworks */,
				B224528A25C10CC800424719 /* Resources */,
			);
			buildRules = (
			);
			dependencies = (
				B224528E25C10CC800424719 /* PBXTargetDependency */,
			);
			name = FlixTests;
			productName = FlixTests;
			productReference = B224528C25C10CC800424719 /* FlixTests.xctest */;
			productType = "com.apple.product-type.bundle.unit-test";
		};
		B224529625C10CC800424719 /* FlixUITests */ = {
			isa = PBXNativeTarget;
			buildConfigurationList = B22452A625C10CC800424719 /* Build configuration list for PBXNativeTarget "FlixUITests" */;
			buildPhases = (
				2E87D42F256704AD3ECCFBD5 /* [CP] Check Pods Manifest.lock */,
				B224529325C10CC800424719 /* Sources */,
				B224529425C10CC800424719 /* Frameworks */,
				B224529525C10CC800424719 /* Resources */,
				F4420487372E8D5A908757D4 /* [CP] Embed Pods Frameworks */,
			);
			buildRules = (
			);
			dependencies = (
				B224529925C10CC800424719 /* PBXTargetDependency */,
			);
			name = FlixUITests;
			productName = FlixUITests;
			productReference = B224529725C10CC800424719 /* FlixUITests.xctest */;
			productType = "com.apple.product-type.bundle.ui-testing";
		};
/* End PBXNativeTarget section */

/* Begin PBXProject section */
		B224526E25C10CC700424719 /* Project object */ = {
			isa = PBXProject;
			attributes = {
				LastSwiftUpdateCheck = 1230;
				LastUpgradeCheck = 1230;
				TargetAttributes = {
					B224527525C10CC700424719 = {
						CreatedOnToolsVersion = 12.3;
					};
					B224528B25C10CC800424719 = {
						CreatedOnToolsVersion = 12.3;
						TestTargetID = B224527525C10CC700424719;
					};
					B224529625C10CC800424719 = {
						CreatedOnToolsVersion = 12.3;
						TestTargetID = B224527525C10CC700424719;
					};
				};
			};
			buildConfigurationList = B224527125C10CC700424719 /* Build configuration list for PBXProject "Flix" */;
			compatibilityVersion = "Xcode 9.3";
			developmentRegion = en;
			hasScannedForEncodings = 0;
			knownRegions = (
				en,
				Base,
			);
			mainGroup = B224526D25C10CC700424719;
			productRefGroup = B224527725C10CC700424719 /* Products */;
			projectDirPath = "";
			projectRoot = "";
			targets = (
				B224527525C10CC700424719 /* Flix */,
				B224528B25C10CC800424719 /* FlixTests */,
				B224529625C10CC800424719 /* FlixUITests */,
			);
		};
/* End PBXProject section */

/* Begin PBXResourcesBuildPhase section */
		B224527425C10CC700424719 /* Resources */ = {
			isa = PBXResourcesBuildPhase;
			buildActionMask = 2147483647;
			files = (
				B224528625C10CC800424719 /* LaunchScreen.storyboard in Resources */,
				B224528325C10CC800424719 /* Assets.xcassets in Resources */,
				B224528125C10CC700424719 /* Main.storyboard in Resources */,
			);
			runOnlyForDeploymentPostprocessing = 0;
		};
		B224528A25C10CC800424719 /* Resources */ = {
			isa = PBXResourcesBuildPhase;
			buildActionMask = 2147483647;
			files = (
			);
			runOnlyForDeploymentPostprocessing = 0;
		};
		B224529525C10CC800424719 /* Resources */ = {
			isa = PBXResourcesBuildPhase;
			buildActionMask = 2147483647;
			files = (
			);
			runOnlyForDeploymentPostprocessing = 0;
		};
/* End PBXResourcesBuildPhase section */

/* Begin PBXShellScriptBuildPhase section */
		2E87D42F256704AD3ECCFBD5 /* [CP] Check Pods Manifest.lock */ = {
			isa = PBXShellScriptBuildPhase;
			buildActionMask = 2147483647;
			files = (
			);
			inputFileListPaths = (
			);
			inputPaths = (
				"${PODS_PODFILE_DIR_PATH}/Podfile.lock",
				"${PODS_ROOT}/Manifest.lock",
			);
			name = "[CP] Check Pods Manifest.lock";
			outputFileListPaths = (
			);
			outputPaths = (
				"$(DERIVED_FILE_DIR)/Pods-Flix-FlixUITests-checkManifestLockResult.txt",
			);
			runOnlyForDeploymentPostprocessing = 0;
			shellPath = /bin/sh;
			shellScript = "diff \"${PODS_PODFILE_DIR_PATH}/Podfile.lock\" \"${PODS_ROOT}/Manifest.lock\" > /dev/null\nif [ $? != 0 ] ; then\n    # print error to STDERR\n    echo \"error: The sandbox is not in sync with the Podfile.lock. Run 'pod install' or update your CocoaPods installation.\" >&2\n    exit 1\nfi\n# This output is used by Xcode 'outputs' to avoid re-running this script phase.\necho \"SUCCESS\" > \"${SCRIPT_OUTPUT_FILE_0}\"\n";
			showEnvVarsInLog = 0;
		};
		731860238485E372EB819D2D /* [CP] Check Pods Manifest.lock */ = {
			isa = PBXShellScriptBuildPhase;
			buildActionMask = 2147483647;
			files = (
			);
			inputFileListPaths = (
			);
			inputPaths = (
				"${PODS_PODFILE_DIR_PATH}/Podfile.lock",
				"${PODS_ROOT}/Manifest.lock",
			);
			name = "[CP] Check Pods Manifest.lock";
			outputFileListPaths = (
			);
			outputPaths = (
				"$(DERIVED_FILE_DIR)/Pods-Flix-checkManifestLockResult.txt",
			);
			runOnlyForDeploymentPostprocessing = 0;
			shellPath = /bin/sh;
			shellScript = "diff \"${PODS_PODFILE_DIR_PATH}/Podfile.lock\" \"${PODS_ROOT}/Manifest.lock\" > /dev/null\nif [ $? != 0 ] ; then\n    # print error to STDERR\n    echo \"error: The sandbox is not in sync with the Podfile.lock. Run 'pod install' or update your CocoaPods installation.\" >&2\n    exit 1\nfi\n# This output is used by Xcode 'outputs' to avoid re-running this script phase.\necho \"SUCCESS\" > \"${SCRIPT_OUTPUT_FILE_0}\"\n";
			showEnvVarsInLog = 0;
		};
		BA7F900B9E82A72ECA055168 /* [CP] Check Pods Manifest.lock */ = {
			isa = PBXShellScriptBuildPhase;
			buildActionMask = 2147483647;
			files = (
			);
			inputFileListPaths = (
			);
			inputPaths = (
				"${PODS_PODFILE_DIR_PATH}/Podfile.lock",
				"${PODS_ROOT}/Manifest.lock",
			);
			name = "[CP] Check Pods Manifest.lock";
			outputFileListPaths = (
			);
			outputPaths = (
				"$(DERIVED_FILE_DIR)/Pods-FlixTests-checkManifestLockResult.txt",
			);
			runOnlyForDeploymentPostprocessing = 0;
			shellPath = /bin/sh;
			shellScript = "diff \"${PODS_PODFILE_DIR_PATH}/Podfile.lock\" \"${PODS_ROOT}/Manifest.lock\" > /dev/null\nif [ $? != 0 ] ; then\n    # print error to STDERR\n    echo \"error: The sandbox is not in sync with the Podfile.lock. Run 'pod install' or update your CocoaPods installation.\" >&2\n    exit 1\nfi\n# This output is used by Xcode 'outputs' to avoid re-running this script phase.\necho \"SUCCESS\" > \"${SCRIPT_OUTPUT_FILE_0}\"\n";
			showEnvVarsInLog = 0;
		};
		F403D6E17B075CE1812491AA /* [CP] Embed Pods Frameworks */ = {
			isa = PBXShellScriptBuildPhase;
			buildActionMask = 2147483647;
			files = (
			);
			inputFileListPaths = (
				"${PODS_ROOT}/Target Support Files/Pods-Flix/Pods-Flix-frameworks-${CONFIGURATION}-input-files.xcfilelist",
			);
			name = "[CP] Embed Pods Frameworks";
			outputFileListPaths = (
				"${PODS_ROOT}/Target Support Files/Pods-Flix/Pods-Flix-frameworks-${CONFIGURATION}-output-files.xcfilelist",
			);
			runOnlyForDeploymentPostprocessing = 0;
			shellPath = /bin/sh;
			shellScript = "\"${PODS_ROOT}/Target Support Files/Pods-Flix/Pods-Flix-frameworks.sh\"\n";
			showEnvVarsInLog = 0;
		};
		F4420487372E8D5A908757D4 /* [CP] Embed Pods Frameworks */ = {
			isa = PBXShellScriptBuildPhase;
			buildActionMask = 2147483647;
			files = (
			);
			inputFileListPaths = (
				"${PODS_ROOT}/Target Support Files/Pods-Flix-FlixUITests/Pods-Flix-FlixUITests-frameworks-${CONFIGURATION}-input-files.xcfilelist",
			);
			name = "[CP] Embed Pods Frameworks";
			outputFileListPaths = (
				"${PODS_ROOT}/Target Support Files/Pods-Flix-FlixUITests/Pods-Flix-FlixUITests-frameworks-${CONFIGURATION}-output-files.xcfilelist",
			);
			runOnlyForDeploymentPostprocessing = 0;
			shellPath = /bin/sh;
			shellScript = "\"${PODS_ROOT}/Target Support Files/Pods-Flix-FlixUITests/Pods-Flix-FlixUITests-frameworks.sh\"\n";
			showEnvVarsInLog = 0;
		};
/* End PBXShellScriptBuildPhase section */

/* Begin PBXSourcesBuildPhase section */
		B224527225C10CC700424719 /* Sources */ = {
			isa = PBXSourcesBuildPhase;
			buildActionMask = 2147483647;
			files = (
				B224527A25C10CC700424719 /* AppDelegate.swift in Sources */,
				B224527C25C10CC700424719 /* SceneDelegate.swift in Sources */,
				B28A4B9325C78EAE008584B4 /* MovieCell.swift in Sources */,
				B2E99C2925CA44C1006BD8DB /* MoviesDetailsViewController.swift in Sources */,
				B28A4B8E25C78543008584B4 /* MoviesViewController.swift in Sources */,
				B21243F025CE10AD00A074D6 /* MovieGridViewController.swift in Sources */,
				B21243FD25CE354200A074D6 /* MovieGridCell.swift in Sources */,
			);
			runOnlyForDeploymentPostprocessing = 0;
		};
		B224528825C10CC800424719 /* Sources */ = {
			isa = PBXSourcesBuildPhase;
			buildActionMask = 2147483647;
			files = (
				B224529125C10CC800424719 /* FlixTests.swift in Sources */,
			);
			runOnlyForDeploymentPostprocessing = 0;
		};
		B224529325C10CC800424719 /* Sources */ = {
			isa = PBXSourcesBuildPhase;
			buildActionMask = 2147483647;
			files = (
				B224529C25C10CC800424719 /* FlixUITests.swift in Sources */,
			);
			runOnlyForDeploymentPostprocessing = 0;
		};
/* End PBXSourcesBuildPhase section */

/* Begin PBXTargetDependency section */
		B224528E25C10CC800424719 /* PBXTargetDependency */ = {
			isa = PBXTargetDependency;
			target = B224527525C10CC700424719 /* Flix */;
			targetProxy = B224528D25C10CC800424719 /* PBXContainerItemProxy */;
		};
		B224529925C10CC800424719 /* PBXTargetDependency */ = {
			isa = PBXTargetDependency;
			target = B224527525C10CC700424719 /* Flix */;
			targetProxy = B224529825C10CC800424719 /* PBXContainerItemProxy */;
		};
/* End PBXTargetDependency section */

/* Begin PBXVariantGroup section */
		B224527F25C10CC700424719 /* Main.storyboard */ = {
			isa = PBXVariantGroup;
			children = (
				B224528025C10CC700424719 /* Base */,
			);
			name = Main.storyboard;
			sourceTree = "<group>";
		};
		B224528425C10CC800424719 /* LaunchScreen.storyboard */ = {
			isa = PBXVariantGroup;
			children = (
				B224528525C10CC800424719 /* Base */,
			);
			name = LaunchScreen.storyboard;
			sourceTree = "<group>";
		};
/* End PBXVariantGroup section */

/* Begin XCBuildConfiguration section */
		B224529E25C10CC800424719 /* Debug */ = {
			isa = XCBuildConfiguration;
			buildSettings = {
				ALWAYS_SEARCH_USER_PATHS = NO;
				CLANG_ANALYZER_NONNULL = YES;
				CLANG_ANALYZER_NUMBER_OBJECT_CONVERSION = YES_AGGRESSIVE;
				CLANG_CXX_LANGUAGE_STANDARD = "gnu++14";
				CLANG_CXX_LIBRARY = "libc++";
				CLANG_ENABLE_MODULES = YES;
				CLANG_ENABLE_OBJC_ARC = YES;
				CLANG_ENABLE_OBJC_WEAK = YES;
				CLANG_WARN_BLOCK_CAPTURE_AUTORELEASING = YES;
				CLANG_WARN_BOOL_CONVERSION = YES;
				CLANG_WARN_COMMA = YES;
				CLANG_WARN_CONSTANT_CONVERSION = YES;
				CLANG_WARN_DEPRECATED_OBJC_IMPLEMENTATIONS = YES;
				CLANG_WARN_DIRECT_OBJC_ISA_USAGE = YES_ERROR;
				CLANG_WARN_DOCUMENTATION_COMMENTS = YES;
				CLANG_WARN_EMPTY_BODY = YES;
				CLANG_WARN_ENUM_CONVERSION = YES;
				CLANG_WARN_INFINITE_RECURSION = YES;
				CLANG_WARN_INT_CONVERSION = YES;
				CLANG_WARN_NON_LITERAL_NULL_CONVERSION = YES;
				CLANG_WARN_OBJC_IMPLICIT_RETAIN_SELF = YES;
				CLANG_WARN_OBJC_LITERAL_CONVERSION = YES;
				CLANG_WARN_OBJC_ROOT_CLASS = YES_ERROR;
				CLANG_WARN_QUOTED_INCLUDE_IN_FRAMEWORK_HEADER = YES;
				CLANG_WARN_RANGE_LOOP_ANALYSIS = YES;
				CLANG_WARN_STRICT_PROTOTYPES = YES;
				CLANG_WARN_SUSPICIOUS_MOVE = YES;
				CLANG_WARN_UNGUARDED_AVAILABILITY = YES_AGGRESSIVE;
				CLANG_WARN_UNREACHABLE_CODE = YES;
				CLANG_WARN__DUPLICATE_METHOD_MATCH = YES;
				COPY_PHASE_STRIP = NO;
				DEBUG_INFORMATION_FORMAT = dwarf;
				ENABLE_STRICT_OBJC_MSGSEND = YES;
				ENABLE_TESTABILITY = YES;
				GCC_C_LANGUAGE_STANDARD = gnu11;
				GCC_DYNAMIC_NO_PIC = NO;
				GCC_NO_COMMON_BLOCKS = YES;
				GCC_OPTIMIZATION_LEVEL = 0;
				GCC_PREPROCESSOR_DEFINITIONS = (
					"DEBUG=1",
					"$(inherited)",
				);
				GCC_WARN_64_TO_32_BIT_CONVERSION = YES;
				GCC_WARN_ABOUT_RETURN_TYPE = YES_ERROR;
				GCC_WARN_UNDECLARED_SELECTOR = YES;
				GCC_WARN_UNINITIALIZED_AUTOS = YES_AGGRESSIVE;
				GCC_WARN_UNUSED_FUNCTION = YES;
				GCC_WARN_UNUSED_VARIABLE = YES;
				IPHONEOS_DEPLOYMENT_TARGET = 14.3;
				MTL_ENABLE_DEBUG_INFO = INCLUDE_SOURCE;
				MTL_FAST_MATH = YES;
				ONLY_ACTIVE_ARCH = YES;
				SDKROOT = iphoneos;
				SWIFT_ACTIVE_COMPILATION_CONDITIONS = DEBUG;
				SWIFT_OPTIMIZATION_LEVEL = "-Onone";
			};
			name = Debug;
		};
		B224529F25C10CC800424719 /* Release */ = {
			isa = XCBuildConfiguration;
			buildSettings = {
				ALWAYS_SEARCH_USER_PATHS = NO;
				CLANG_ANALYZER_NONNULL = YES;
				CLANG_ANALYZER_NUMBER_OBJECT_CONVERSION = YES_AGGRESSIVE;
				CLANG_CXX_LANGUAGE_STANDARD = "gnu++14";
				CLANG_CXX_LIBRARY = "libc++";
				CLANG_ENABLE_MODULES = YES;
				CLANG_ENABLE_OBJC_ARC = YES;
				CLANG_ENABLE_OBJC_WEAK = YES;
				CLANG_WARN_BLOCK_CAPTURE_AUTORELEASING = YES;
				CLANG_WARN_BOOL_CONVERSION = YES;
				CLANG_WARN_COMMA = YES;
				CLANG_WARN_CONSTANT_CONVERSION = YES;
				CLANG_WARN_DEPRECATED_OBJC_IMPLEMENTATIONS = YES;
				CLANG_WARN_DIRECT_OBJC_ISA_USAGE = YES_ERROR;
				CLANG_WARN_DOCUMENTATION_COMMENTS = YES;
				CLANG_WARN_EMPTY_BODY = YES;
				CLANG_WARN_ENUM_CONVERSION = YES;
				CLANG_WARN_INFINITE_RECURSION = YES;
				CLANG_WARN_INT_CONVERSION = YES;
				CLANG_WARN_NON_LITERAL_NULL_CONVERSION = YES;
				CLANG_WARN_OBJC_IMPLICIT_RETAIN_SELF = YES;
				CLANG_WARN_OBJC_LITERAL_CONVERSION = YES;
				CLANG_WARN_OBJC_ROOT_CLASS = YES_ERROR;
				CLANG_WARN_QUOTED_INCLUDE_IN_FRAMEWORK_HEADER = YES;
				CLANG_WARN_RANGE_LOOP_ANALYSIS = YES;
				CLANG_WARN_STRICT_PROTOTYPES = YES;
				CLANG_WARN_SUSPICIOUS_MOVE = YES;
				CLANG_WARN_UNGUARDED_AVAILABILITY = YES_AGGRESSIVE;
				CLANG_WARN_UNREACHABLE_CODE = YES;
				CLANG_WARN__DUPLICATE_METHOD_MATCH = YES;
				COPY_PHASE_STRIP = NO;
				DEBUG_INFORMATION_FORMAT = "dwarf-with-dsym";
				ENABLE_NS_ASSERTIONS = NO;
				ENABLE_STRICT_OBJC_MSGSEND = YES;
				GCC_C_LANGUAGE_STANDARD = gnu11;
				GCC_NO_COMMON_BLOCKS = YES;
				GCC_WARN_64_TO_32_BIT_CONVERSION = YES;
				GCC_WARN_ABOUT_RETURN_TYPE = YES_ERROR;
				GCC_WARN_UNDECLARED_SELECTOR = YES;
				GCC_WARN_UNINITIALIZED_AUTOS = YES_AGGRESSIVE;
				GCC_WARN_UNUSED_FUNCTION = YES;
				GCC_WARN_UNUSED_VARIABLE = YES;
				IPHONEOS_DEPLOYMENT_TARGET = 14.3;
				MTL_ENABLE_DEBUG_INFO = NO;
				MTL_FAST_MATH = YES;
				SDKROOT = iphoneos;
				SWIFT_COMPILATION_MODE = wholemodule;
				SWIFT_OPTIMIZATION_LEVEL = "-O";
				VALIDATE_PRODUCT = YES;
			};
			name = Release;
		};
		B22452A125C10CC800424719 /* Debug */ = {
			isa = XCBuildConfiguration;
			baseConfigurationReference = AB910BE67C7B0C92AEFA4422 /* Pods-Flix.debug.xcconfig */;
			buildSettings = {
				ASSETCATALOG_COMPILER_APPICON_NAME = AppIcon;
				ASSETCATALOG_COMPILER_GLOBAL_ACCENT_COLOR_NAME = AccentColor;
				CODE_SIGN_STYLE = Automatic;
				DEVELOPMENT_TEAM = 559NY5WA9X;
				INFOPLIST_FILE = Flix/Info.plist;
				LD_RUNPATH_SEARCH_PATHS = (
					"$(inherited)",
					"@executable_path/Frameworks",
				);
				PRODUCT_BUNDLE_IDENTIFIER = com.example.Flix;
				PRODUCT_NAME = "$(TARGET_NAME)";
				SWIFT_VERSION = 5.0;
				TARGETED_DEVICE_FAMILY = "1,2";
			};
			name = Debug;
		};
		B22452A225C10CC800424719 /* Release */ = {
			isa = XCBuildConfiguration;
			baseConfigurationReference = 29EED8A222FF42399AFB64C0 /* Pods-Flix.release.xcconfig */;
			buildSettings = {
				ASSETCATALOG_COMPILER_APPICON_NAME = AppIcon;
				ASSETCATALOG_COMPILER_GLOBAL_ACCENT_COLOR_NAME = AccentColor;
				CODE_SIGN_STYLE = Automatic;
				DEVELOPMENT_TEAM = 559NY5WA9X;
				INFOPLIST_FILE = Flix/Info.plist;
				LD_RUNPATH_SEARCH_PATHS = (
					"$(inherited)",
					"@executable_path/Frameworks",
				);
				PRODUCT_BUNDLE_IDENTIFIER = com.example.Flix;
				PRODUCT_NAME = "$(TARGET_NAME)";
				SWIFT_VERSION = 5.0;
				TARGETED_DEVICE_FAMILY = "1,2";
			};
			name = Release;
		};
		B22452A425C10CC800424719 /* Debug */ = {
			isa = XCBuildConfiguration;
			baseConfigurationReference = D8F6D2B7E8E2339C40838175 /* Pods-FlixTests.debug.xcconfig */;
			buildSettings = {
				ALWAYS_EMBED_SWIFT_STANDARD_LIBRARIES = YES;
				BUNDLE_LOADER = "$(TEST_HOST)";
				CODE_SIGN_STYLE = Automatic;
				DEVELOPMENT_TEAM = 559NY5WA9X;
				INFOPLIST_FILE = FlixTests/Info.plist;
				IPHONEOS_DEPLOYMENT_TARGET = 14.3;
				LD_RUNPATH_SEARCH_PATHS = (
					"$(inherited)",
					"@executable_path/Frameworks",
					"@loader_path/Frameworks",
				);
				PRODUCT_BUNDLE_IDENTIFIER = com.example.FlixTests;
				PRODUCT_NAME = "$(TARGET_NAME)";
				SWIFT_VERSION = 5.0;
				TARGETED_DEVICE_FAMILY = "1,2";
				TEST_HOST = "$(BUILT_PRODUCTS_DIR)/Flix.app/Flix";
			};
			name = Debug;
		};
		B22452A525C10CC800424719 /* Release */ = {
			isa = XCBuildConfiguration;
			baseConfigurationReference = AE1D0B23F71E5630E462A647 /* Pods-FlixTests.release.xcconfig */;
			buildSettings = {
				ALWAYS_EMBED_SWIFT_STANDARD_LIBRARIES = YES;
				BUNDLE_LOADER = "$(TEST_HOST)";
				CODE_SIGN_STYLE = Automatic;
				DEVELOPMENT_TEAM = 559NY5WA9X;
				INFOPLIST_FILE = FlixTests/Info.plist;
				IPHONEOS_DEPLOYMENT_TARGET = 14.3;
				LD_RUNPATH_SEARCH_PATHS = (
					"$(inherited)",
					"@executable_path/Frameworks",
					"@loader_path/Frameworks",
				);
				PRODUCT_BUNDLE_IDENTIFIER = com.example.FlixTests;
				PRODUCT_NAME = "$(TARGET_NAME)";
				SWIFT_VERSION = 5.0;
				TARGETED_DEVICE_FAMILY = "1,2";
				TEST_HOST = "$(BUILT_PRODUCTS_DIR)/Flix.app/Flix";
			};
			name = Release;
		};
		B22452A725C10CC800424719 /* Debug */ = {
			isa = XCBuildConfiguration;
			baseConfigurationReference = 2C4571D6F3DA915F17F766BF /* Pods-Flix-FlixUITests.debug.xcconfig */;
			buildSettings = {
				ALWAYS_EMBED_SWIFT_STANDARD_LIBRARIES = YES;
				CODE_SIGN_STYLE = Automatic;
				DEVELOPMENT_TEAM = 559NY5WA9X;
				INFOPLIST_FILE = FlixUITests/Info.plist;
				LD_RUNPATH_SEARCH_PATHS = (
					"$(inherited)",
					"@executable_path/Frameworks",
					"@loader_path/Frameworks",
				);
				PRODUCT_BUNDLE_IDENTIFIER = com.example.FlixUITests;
				PRODUCT_NAME = "$(TARGET_NAME)";
				SWIFT_VERSION = 5.0;
				TARGETED_DEVICE_FAMILY = "1,2";
				TEST_TARGET_NAME = Flix;
			};
			name = Debug;
		};
		B22452A825C10CC800424719 /* Release */ = {
			isa = XCBuildConfiguration;
			baseConfigurationReference = D9A13E4D88E9A2A48A4CA481 /* Pods-Flix-FlixUITests.release.xcconfig */;
			buildSettings = {
				ALWAYS_EMBED_SWIFT_STANDARD_LIBRARIES = YES;
				CODE_SIGN_STYLE = Automatic;
				DEVELOPMENT_TEAM = 559NY5WA9X;
				INFOPLIST_FILE = FlixUITests/Info.plist;
				LD_RUNPATH_SEARCH_PATHS = (
					"$(inherited)",
					"@executable_path/Frameworks",
					"@loader_path/Frameworks",
				);
				PRODUCT_BUNDLE_IDENTIFIER = com.example.FlixUITests;
				PRODUCT_NAME = "$(TARGET_NAME)";
				SWIFT_VERSION = 5.0;
				TARGETED_DEVICE_FAMILY = "1,2";
				TEST_TARGET_NAME = Flix;
			};
			name = Release;
		};
/* End XCBuildConfiguration section */

/* Begin XCConfigurationList section */
		B224527125C10CC700424719 /* Build configuration list for PBXProject "Flix" */ = {
			isa = XCConfigurationList;
			buildConfigurations = (
				B224529E25C10CC800424719 /* Debug */,
				B224529F25C10CC800424719 /* Release */,
			);
			defaultConfigurationIsVisible = 0;
			defaultConfigurationName = Release;
		};
		B22452A025C10CC800424719 /* Build configuration list for PBXNativeTarget "Flix" */ = {
			isa = XCConfigurationList;
			buildConfigurations = (
				B22452A125C10CC800424719 /* Debug */,
				B22452A225C10CC800424719 /* Release */,
			);
			defaultConfigurationIsVisible = 0;
			defaultConfigurationName = Release;
		};
		B22452A325C10CC800424719 /* Build configuration list for PBXNativeTarget "FlixTests" */ = {
			isa = XCConfigurationList;
			buildConfigurations = (
				B22452A425C10CC800424719 /* Debug */,
				B22452A525C10CC800424719 /* Release */,
			);
			defaultConfigurationIsVisible = 0;
			defaultConfigurationName = Release;
		};
		B22452A625C10CC800424719 /* Build configuration list for PBXNativeTarget "FlixUITests" */ = {
			isa = XCConfigurationList;
			buildConfigurations = (
				B22452A725C10CC800424719 /* Debug */,
				B22452A825C10CC800424719 /* Release */,
			);
			defaultConfigurationIsVisible = 0;
			defaultConfigurationName = Release;
		};
/* End XCConfigurationList section */
	};
	rootObject = B224526E25C10CC700424719 /* Project object */;
}
